<?xml version="1.0" encoding="utf-8"?>
<Project ToolsVersion="4.0" xmlns="http://schemas.microsoft.com/developer/msbuild/2003">
  <ItemGroup>
    <Filter Include="points_generation">
      <UniqueIdentifier>{a22e5e4c-567b-47d3-8569-50304c29c44d}</UniqueIdentifier>
    </Filter>
    <Filter Include="quickhull">
      <UniqueIdentifier>{1ed6108d-1f6d-44ae-9e38-4de226e7ccc6}</UniqueIdentifier>
    </Filter>
    <Filter Include="test">
      <UniqueIdentifier>{66cfe9de-79bf-4ba1-a562-da82eb9be7e2}</UniqueIdentifier>
    </Filter>
  </ItemGroup>
  <ItemGroup>
    <ClCompile Include="src\points_generation\points_generation.cpp">
      <Filter>points_generation</Filter>
    </ClCompile>
    <ClCompile Include="src\visualization\points_visualization.cpp" />
    <ClCompile Include="src\CudaQuickHull.cpp" />
  </ItemGroup>
  <ItemGroup>
    <ClInclude Include="src\points_generation\points_generation.h">
      <Filter>points_generation</Filter>
    </ClInclude>
    <ClInclude Include="src\cuda_quickhull\cuda_quickhull.cuh" />
    <ClInclude Include="src\visualization\points_visualization.h" />
  </ItemGroup>
  <ItemGroup>
    <CudaCompile Include="src\cuda_quickhull\cuda_quickhull.cu">
      <Filter>quickhull</Filter>
    </CudaCompile>
  </ItemGroup>
  <ItemGroup>
    <None Include="cpp.hint" />
  </ItemGroup>
</Project>